
Microsoft Visual Studio Solution File, Format Version 12.00
# Visual Studio Version 17
VisualStudioVersion = 17.3.32922.545
MinimumVisualStudioVersion = 10.0.40219.1
Project("{FAE04EC0-301F-11D3-BF4B-00C04F79EFBC}") = "XLSXParser", "XLSXParser.csproj", "{3D3DFE10-D8E1-4D76-B21F-2E4084D66C15}"
EndProject
Global
	GlobalSection(SolutionConfigurationPlatforms) = preSolution
		Debug|Any CPU = Debug|Any CPU
		Release|Any CPU = Release|Any CPU
	EndGlobalSection
	GlobalSection(ProjectConfigurationPlatforms) = postSolution
		{3D3DFE10-D8E1-4D76-B21F-2E4084D66C15}.Debug|Any CPU.ActiveCfg = Debug|Any CPU
		{3D3DFE10-D8E1-4D76-B21F-2E4084D66C15}.Debug|Any CPU.Build.0 = Debug|Any CPU
		{3D3DFE10-D8E1-4D76-B21F-2E4084D66C15}.Release|Any CPU.ActiveCfg = Release|Any CPU
		{3D3DFE10-D8E1-4D76-B21F-2E4084D66C15}.Release|Any CPU.Build.0 = Release|Any CPU
	EndGlobalSection
	GlobalSection(SolutionProperties) = preSolution
		HideSolutionNode = FALSE
	EndGlobalSection
	GlobalSection(ExtensibilityGlobals) = postSolution
		SolutionGuid = {56BD1E8E-642F-4BBD-BB52-3CBEC36F99D2}
	EndGlobalSection
EndGlobal
